#	accesskey

KeyA	= (A)
KeyB	= (B)
KeyC	= (C)
KeyD	= (D)
KeyE	= (E)
KeyF	= (F)
KeyG	= (G)
KeyH	= (H)
KeyI	= (I)
KeyJ	= (J)
KeyK	= (K)
KeyL	= (L)
KeyM	= (M)
KeyN	= (N)
KeyO	= (O)
KeyP	= (P)
KeyQ	= (Q)
KeyR	= (R)
KeyS	= (S)
KeyT	= (T)
KeyU	= (U)
KeyV	= (V)
KeyW	= (W)
KeyX	= (X)
KeyY	= (Y)
KeyZ	= (Z)

Key&A	= (&A)
Key&B	= (&B)
Key&C	= (&C)
Key&D	= (&D)
Key&E	= (&E)
Key&F	= (&F)
Key&G	= (&G)
Key&H	= (&H)
Key&I	= (&I)
Key&J	= (&J)
Key&K	= (&K)
Key&L	= (&L)
Key&M	= (&M)
Key&N	= (&N)
Key&O	= (&O)
Key&P	= (&P)
Key&Q	= (&Q)
Key&R	= (&R)
Key&S	= (&S)
Key&T	= (&T)
Key&U	= (&U)
Key&V	= (&V)
Key&W	= (&W)
Key&X	= (&X)
Key&Y	= (&Y)
Key&Z	= (&Z)
