#	accesskey

KeyA	= 
KeyB	= 
KeyC	= 
KeyD	= 
KeyE	= 
KeyF	= 
KeyG	= 
KeyH	= 
KeyI	= 
KeyJ	= 
KeyK	= 
KeyL	= 
KeyM	= 
KeyN	= 
KeyO	= 
KeyP	= 
KeyQ	= 
KeyR	= 
KeyS	= 
KeyT	= 
KeyU	= 
KeyV	= 
KeyW	= 
KeyX	= 
KeyY	= 
KeyZ	= 

Key&A	= 
Key&B	= 
Key&C	= 
Key&D	= 
Key&E	= 
Key&F	= 
Key&G	= 
Key&H	= 
Key&I	= 
Key&J	= 
Key&K	= 
Key&L	= 
Key&M	= 
Key&N	= 
Key&O	= 
Key&P	= 
Key&Q	= 
Key&R	= 
Key&S	= 
Key&T	= 
Key&U	= 
Key&V	= 
Key&W	= 
Key&X	= 
Key&Y	= 
Key&Z	= 
